
Microsoft Visual Studio Solution File, Format Version 12.00
# Visual Studio Version 16
VisualStudioVersion = 16.0.29503.13
MinimumVisualStudioVersion = 10.0.40219.1
Project("{FAE04EC0-301F-11D3-BF4B-00C04F79EFBC}") = "Chess", "Chess.csproj", "{4D24FBBD-4471-4759-92F7-AEA8AA887600}"
EndProject
Global
	GlobalSection(SolutionConfigurationPlatforms) = preSolution
		Debug|Any CPU = Debug|Any CPU
		Release|Any CPU = Release|Any CPU
	EndGlobalSection
	GlobalSection(ProjectConfigurationPlatforms) = postSolution
		{4D24FBBD-4471-4759-92F7-AEA8AA887600}.Debug|Any CPU.ActiveCfg = Debug|Any CPU
		{4D24FBBD-4471-4759-92F7-AEA8AA887600}.Debug|Any CPU.Build.0 = Debug|Any CPU
		{4D24FBBD-4471-4759-92F7-AEA8AA887600}.Release|Any CPU.ActiveCfg = Release|Any CPU
		{4D24FBBD-4471-4759-92F7-AEA8AA887600}.Release|Any CPU.Build.0 = Release|Any CPU
	EndGlobalSection
	GlobalSection(SolutionProperties) = preSolution
		HideSolutionNode = FALSE
	EndGlobalSection
	GlobalSection(ExtensibilityGlobals) = postSolution
		SolutionGuid = {2D660481-A70E-4CC0-9405-EBEEF819A5C4}
	EndGlobalSection
EndGlobal
